
Microsoft Visual Studio Solution File, Format Version 12.00
# Visual Studio Version 17
VisualStudioVersion = 17.4.33205.214
MinimumVisualStudioVersion = 10.0.40219.1
Project("{FAE04EC0-301F-11D3-BF4B-00C04F79EFBC}") = "Port_filo", "Port_filo.csproj", "{BD631927-3361-44DD-BFEC-8DCDC6F6C426}"
EndProject
Global
	GlobalSection(SolutionConfigurationPlatforms) = preSolution
		Debug|Any CPU = Debug|Any CPU
		Release|Any CPU = Release|Any CPU
	EndGlobalSection
	GlobalSection(ProjectConfigurationPlatforms) = postSolution
		{BD631927-3361-44DD-BFEC-8DCDC6F6C426}.Debug|Any CPU.ActiveCfg = Debug|Any CPU
		{BD631927-3361-44DD-BFEC-8DCDC6F6C426}.Debug|Any CPU.Build.0 = Debug|Any CPU
		{BD631927-3361-44DD-BFEC-8DCDC6F6C426}.Release|Any CPU.ActiveCfg = Release|Any CPU
		{BD631927-3361-44DD-BFEC-8DCDC6F6C426}.Release|Any CPU.Build.0 = Release|Any CPU
	EndGlobalSection
	GlobalSection(SolutionProperties) = preSolution
		HideSolutionNode = FALSE
	EndGlobalSection
	GlobalSection(ExtensibilityGlobals) = postSolution
		SolutionGuid = {FBF6777D-A132-41F8-B8C8-CD1691E9FEB3}
	EndGlobalSection
EndGlobal
